
Microsoft Visual Studio Solution File, Format Version 12.00
# Visual Studio 2012
Project("{FAE04EC0-301F-11D3-BF4B-00C04F79EFBC}") = "TagMyFiles", "classement\TagMyFiles.csproj", "{573C54A4-3C7A-49DE-9433-16D1F1EB539C}"
EndProject
Project("{FAE04EC0-301F-11D3-BF4B-00C04F79EFBC}") = "MyVideos", "MyVideos\MyVideos.csproj", "{C8E7AFA5-EE10-48D5-AEEA-F62098BAC146}"
EndProject
Project("{FAE04EC0-301F-11D3-BF4B-00C04F79EFBC}") = "MyUtils", "MyUtils\MyUtils.csproj", "{62241084-DFC5-43C4-9CAA-AD4FE49B3C8B}"
EndProject
Project("{FAE04EC0-301F-11D3-BF4B-00C04F79EFBC}") = "DataBaseManager", "DataBaseManager\DataBaseManager.csproj", "{20B8B157-00AF-477A-A624-2376ADFDFABB}"
EndProject
Global
	GlobalSection(SolutionConfigurationPlatforms) = preSolution
		Debug|Any CPU = Debug|Any CPU
		Release|Any CPU = Release|Any CPU
	EndGlobalSection
	GlobalSection(ProjectConfigurationPlatforms) = postSolution
		{573C54A4-3C7A-49DE-9433-16D1F1EB539C}.Debug|Any CPU.ActiveCfg = Debug|Any CPU
		{573C54A4-3C7A-49DE-9433-16D1F1EB539C}.Debug|Any CPU.Build.0 = Debug|Any CPU
		{573C54A4-3C7A-49DE-9433-16D1F1EB539C}.Release|Any CPU.ActiveCfg = Release|Any CPU
		{573C54A4-3C7A-49DE-9433-16D1F1EB539C}.Release|Any CPU.Build.0 = Release|Any CPU
		{C8E7AFA5-EE10-48D5-AEEA-F62098BAC146}.Debug|Any CPU.ActiveCfg = Debug|Any CPU
		{C8E7AFA5-EE10-48D5-AEEA-F62098BAC146}.Debug|Any CPU.Build.0 = Debug|Any CPU
		{C8E7AFA5-EE10-48D5-AEEA-F62098BAC146}.Release|Any CPU.ActiveCfg = Release|Any CPU
		{C8E7AFA5-EE10-48D5-AEEA-F62098BAC146}.Release|Any CPU.Build.0 = Release|Any CPU
		{62241084-DFC5-43C4-9CAA-AD4FE49B3C8B}.Debug|Any CPU.ActiveCfg = Debug|Any CPU
		{62241084-DFC5-43C4-9CAA-AD4FE49B3C8B}.Debug|Any CPU.Build.0 = Debug|Any CPU
		{62241084-DFC5-43C4-9CAA-AD4FE49B3C8B}.Release|Any CPU.ActiveCfg = Release|Any CPU
		{62241084-DFC5-43C4-9CAA-AD4FE49B3C8B}.Release|Any CPU.Build.0 = Release|Any CPU
		{20B8B157-00AF-477A-A624-2376ADFDFABB}.Debug|Any CPU.ActiveCfg = Debug|Any CPU
		{20B8B157-00AF-477A-A624-2376ADFDFABB}.Debug|Any CPU.Build.0 = Debug|Any CPU
		{20B8B157-00AF-477A-A624-2376ADFDFABB}.Release|Any CPU.ActiveCfg = Release|Any CPU
		{20B8B157-00AF-477A-A624-2376ADFDFABB}.Release|Any CPU.Build.0 = Release|Any CPU
	EndGlobalSection
	GlobalSection(SolutionProperties) = preSolution
		HideSolutionNode = FALSE
	EndGlobalSection
EndGlobal
